
Microsoft Visual Studio Solution File, Format Version 12.00
# Visual Studio Version 17
VisualStudioVersion = 17.0.32014.148
MinimumVisualStudioVersion = 10.0.40219.1
Project("{2150E333-8FDC-42A3-9474-1A3956D46DE8}") = "Solution Items", "Solution Items", "{00DEA450-164B-4616-A2C7-227640128028}"
	ProjectSection(SolutionItems) = preProject
		.editorconfig = .editorconfig
		.gitignore = .gitignore
		.config\dotnet-tools.json = .config\dotnet-tools.json
		README.md = README.md
	EndProjectSection
EndProject
Project("{2150E333-8FDC-42A3-9474-1A3956D46DE8}") = "UserOidc", "UserOidc", "{43C65872-A7A8-4FE7-BA47-83BF03B6F368}"
EndProject
Project("{2150E333-8FDC-42A3-9474-1A3956D46DE8}") = "UserBasicGoogleFacebook", "UserBasicGoogleFacebook", "{45E049D4-03B3-4EB0-AC3F-4703C4E8590B}"
EndProject
Project("{9A19103F-16F7-4668-BE54-9A1E7A4F7556}") = "UserBasicGoogleFacebook.App", "UserBasicGoogleFacebook\UserBasicGoogleFacebook.App\UserBasicGoogleFacebook.App.csproj", "{4EFA3D0B-4C5F-46EB-A93C-883B5EEB05EC}"
EndProject
Project("{9A19103F-16F7-4668-BE54-9A1E7A4F7556}") = "UserBasicGoogleFacebook.WebHost", "UserBasicGoogleFacebook\UserBasicGoogleFacebook.WebHost\UserBasicGoogleFacebook.WebHost.csproj", "{0B14346F-DFF5-4428-BC7B-1C94734F2C9A}"
EndProject
Project("{9A19103F-16F7-4668-BE54-9A1E7A4F7556}") = "CKSetup", "UserBasicGoogleFacebook\CKSetup\CKSetup.csproj", "{51B66169-74B4-4786-A141-274A9DA7DC8E}"
EndProject
Project("{9A19103F-16F7-4668-BE54-9A1E7A4F7556}") = "CKSetup", "UserOidc\CKSetup\CKSetup.csproj", "{5B8D782E-E190-40DF-BABC-E3A7759354D9}"
EndProject
Project("{9A19103F-16F7-4668-BE54-9A1E7A4F7556}") = "UserOidc.App", "UserOidc\UserOidc.App\UserOidc.App.csproj", "{6DD98480-1B26-43CE-913C-C570DF553FFB}"
EndProject
Project("{9A19103F-16F7-4668-BE54-9A1E7A4F7556}") = "UserOidc.WebHost", "UserOidc\UserOidc.WebHost\UserOidc.WebHost.csproj", "{47EC1A1D-46DA-4D00-B9A1-D1DC4F096744}"
EndProject
Project("{9A19103F-16F7-4668-BE54-9A1E7A4F7556}") = "CodeCakeBuilder", "CodeCakeBuilder\CodeCakeBuilder.csproj", "{CEC1094D-D1DC-4F16-8262-427F9D43D458}"
EndProject
Global
	GlobalSection(SolutionConfigurationPlatforms) = preSolution
		Debug|Any CPU = Debug|Any CPU
		Release|Any CPU = Release|Any CPU
	EndGlobalSection
	GlobalSection(ProjectConfigurationPlatforms) = postSolution
		{4EFA3D0B-4C5F-46EB-A93C-883B5EEB05EC}.Debug|Any CPU.ActiveCfg = Debug|Any CPU
		{4EFA3D0B-4C5F-46EB-A93C-883B5EEB05EC}.Debug|Any CPU.Build.0 = Debug|Any CPU
		{4EFA3D0B-4C5F-46EB-A93C-883B5EEB05EC}.Release|Any CPU.ActiveCfg = Release|Any CPU
		{4EFA3D0B-4C5F-46EB-A93C-883B5EEB05EC}.Release|Any CPU.Build.0 = Release|Any CPU
		{0B14346F-DFF5-4428-BC7B-1C94734F2C9A}.Debug|Any CPU.ActiveCfg = Debug|Any CPU
		{0B14346F-DFF5-4428-BC7B-1C94734F2C9A}.Debug|Any CPU.Build.0 = Debug|Any CPU
		{0B14346F-DFF5-4428-BC7B-1C94734F2C9A}.Release|Any CPU.ActiveCfg = Release|Any CPU
		{0B14346F-DFF5-4428-BC7B-1C94734F2C9A}.Release|Any CPU.Build.0 = Release|Any CPU
		{51B66169-74B4-4786-A141-274A9DA7DC8E}.Debug|Any CPU.ActiveCfg = Debug|Any CPU
		{51B66169-74B4-4786-A141-274A9DA7DC8E}.Debug|Any CPU.Build.0 = Debug|Any CPU
		{51B66169-74B4-4786-A141-274A9DA7DC8E}.Release|Any CPU.ActiveCfg = Release|Any CPU
		{51B66169-74B4-4786-A141-274A9DA7DC8E}.Release|Any CPU.Build.0 = Release|Any CPU
		{5B8D782E-E190-40DF-BABC-E3A7759354D9}.Debug|Any CPU.ActiveCfg = Debug|Any CPU
		{5B8D782E-E190-40DF-BABC-E3A7759354D9}.Debug|Any CPU.Build.0 = Debug|Any CPU
		{5B8D782E-E190-40DF-BABC-E3A7759354D9}.Release|Any CPU.ActiveCfg = Release|Any CPU
		{5B8D782E-E190-40DF-BABC-E3A7759354D9}.Release|Any CPU.Build.0 = Release|Any CPU
		{6DD98480-1B26-43CE-913C-C570DF553FFB}.Debug|Any CPU.ActiveCfg = Debug|Any CPU
		{6DD98480-1B26-43CE-913C-C570DF553FFB}.Debug|Any CPU.Build.0 = Debug|Any CPU
		{6DD98480-1B26-43CE-913C-C570DF553FFB}.Release|Any CPU.ActiveCfg = Release|Any CPU
		{6DD98480-1B26-43CE-913C-C570DF553FFB}.Release|Any CPU.Build.0 = Release|Any CPU
		{47EC1A1D-46DA-4D00-B9A1-D1DC4F096744}.Debug|Any CPU.ActiveCfg = Debug|Any CPU
		{47EC1A1D-46DA-4D00-B9A1-D1DC4F096744}.Debug|Any CPU.Build.0 = Debug|Any CPU
		{47EC1A1D-46DA-4D00-B9A1-D1DC4F096744}.Release|Any CPU.ActiveCfg = Release|Any CPU
		{47EC1A1D-46DA-4D00-B9A1-D1DC4F096744}.Release|Any CPU.Build.0 = Release|Any CPU
		{CEC1094D-D1DC-4F16-8262-427F9D43D458}.Debug|Any CPU.ActiveCfg = Debug|Any CPU
		{CEC1094D-D1DC-4F16-8262-427F9D43D458}.Debug|Any CPU.Build.0 = Debug|Any CPU
		{CEC1094D-D1DC-4F16-8262-427F9D43D458}.Release|Any CPU.ActiveCfg = Release|Any CPU
		{CEC1094D-D1DC-4F16-8262-427F9D43D458}.Release|Any CPU.Build.0 = Release|Any CPU
	EndGlobalSection
	GlobalSection(SolutionProperties) = preSolution
		HideSolutionNode = FALSE
	EndGlobalSection
	GlobalSection(NestedProjects) = preSolution
		{4EFA3D0B-4C5F-46EB-A93C-883B5EEB05EC} = {45E049D4-03B3-4EB0-AC3F-4703C4E8590B}
		{0B14346F-DFF5-4428-BC7B-1C94734F2C9A} = {45E049D4-03B3-4EB0-AC3F-4703C4E8590B}
		{51B66169-74B4-4786-A141-274A9DA7DC8E} = {45E049D4-03B3-4EB0-AC3F-4703C4E8590B}
		{5B8D782E-E190-40DF-BABC-E3A7759354D9} = {43C65872-A7A8-4FE7-BA47-83BF03B6F368}
		{6DD98480-1B26-43CE-913C-C570DF553FFB} = {43C65872-A7A8-4FE7-BA47-83BF03B6F368}
		{47EC1A1D-46DA-4D00-B9A1-D1DC4F096744} = {43C65872-A7A8-4FE7-BA47-83BF03B6F368}
	EndGlobalSection
	GlobalSection(ExtensibilityGlobals) = postSolution
		SolutionGuid = {46786131-171C-466B-974E-6A8A5EF57C32}
	EndGlobalSection
EndGlobal
